
Microsoft Visual Studio Solution File, Format Version 12.00
# Visual Studio Version 16
VisualStudioVersion = 16.0.31410.357
MinimumVisualStudioVersion = 10.0.40219.1
Project("{9A19103F-16F7-4668-BE54-9A1E7A4F7556}") = "AlanShirkInformationalSite", "AlanShirkInformationalSite.csproj", "{98B8A0BD-3CF5-45E3-BDA3-A81D9CD54062}"
EndProject
Project("{FAE04EC0-301F-11D3-BF4B-00C04F79EFBC}") = "InfoSiteTests", "..\InfoSiteTests\InfoSiteTests.csproj", "{6F4201F9-1F1F-4EA1-A0E9-8E972316FA01}"
EndProject
Global
	GlobalSection(SolutionConfigurationPlatforms) = preSolution
		Debug|Any CPU = Debug|Any CPU
		Release|Any CPU = Release|Any CPU
	EndGlobalSection
	GlobalSection(ProjectConfigurationPlatforms) = postSolution
		{98B8A0BD-3CF5-45E3-BDA3-A81D9CD54062}.Debug|Any CPU.ActiveCfg = Debug|Any CPU
		{98B8A0BD-3CF5-45E3-BDA3-A81D9CD54062}.Debug|Any CPU.Build.0 = Debug|Any CPU
		{98B8A0BD-3CF5-45E3-BDA3-A81D9CD54062}.Release|Any CPU.ActiveCfg = Release|Any CPU
		{98B8A0BD-3CF5-45E3-BDA3-A81D9CD54062}.Release|Any CPU.Build.0 = Release|Any CPU
		{6F4201F9-1F1F-4EA1-A0E9-8E972316FA01}.Debug|Any CPU.ActiveCfg = Debug|Any CPU
		{6F4201F9-1F1F-4EA1-A0E9-8E972316FA01}.Debug|Any CPU.Build.0 = Debug|Any CPU
		{6F4201F9-1F1F-4EA1-A0E9-8E972316FA01}.Release|Any CPU.ActiveCfg = Release|Any CPU
		{6F4201F9-1F1F-4EA1-A0E9-8E972316FA01}.Release|Any CPU.Build.0 = Release|Any CPU
	EndGlobalSection
	GlobalSection(SolutionProperties) = preSolution
		HideSolutionNode = FALSE
	EndGlobalSection
	GlobalSection(ExtensibilityGlobals) = postSolution
		SolutionGuid = {985E17D3-C01A-4041-B1A7-3B1F9A387854}
	EndGlobalSection
EndGlobal
